// !$*UTF8*$!
{
	archiveVersion = 1;
	classes = {
	};
	objectVersion = 46;
	objects = {

/* Begin PBXBuildFile section */
		01EB3A0426B7C78400195DA5 /* Product.swift in Sources */ = {isa = PBXBuildFile; fileRef = 01EB3A0326B7C78300195DA5 /* Product.swift */; };
		01EB3A0726B7CB6500195DA5 /* NetworkService.swift in Sources */ = {isa = PBXBuildFile; fileRef = 01EB3A0626B7CB6500195DA5 /* NetworkService.swift */; };
		01EB3A0926B7D33000195DA5 /* ProductListAPIService.swift in Sources */ = {isa = PBXBuildFile; fileRef = 01EB3A0826B7D33000195DA5 /* ProductListAPIService.swift */; };
		01EB3A0C26B7D34E00195DA5 /* AppConstants.swift in Sources */ = {isa = PBXBuildFile; fileRef = 01EB3A0B26B7D34E00195DA5 /* AppConstants.swift */; };
		01EB3A1526B8006700195DA5 /* ProductDetailModuleBuilder.swift in Sources */ = {isa = PBXBuildFile; fileRef = 01EB3A0F26B8006600195DA5 /* ProductDetailModuleBuilder.swift */; };
		01EB3A1626B8006700195DA5 /* ProductDetailPresenter.swift in Sources */ = {isa = PBXBuildFile; fileRef = 01EB3A1026B8006700195DA5 /* ProductDetailPresenter.swift */; };
		01EB3A1726B8006700195DA5 /* ProductDetailRouter.swift in Sources */ = {isa = PBXBuildFile; fileRef = 01EB3A1126B8006700195DA5 /* ProductDetailRouter.swift */; };
		01EB3A1826B8006700195DA5 /* ProductDetailViewController.swift in Sources */ = {isa = PBXBuildFile; fileRef = 01EB3A1226B8006700195DA5 /* ProductDetailViewController.swift */; };
		01EB3A1926B8006700195DA5 /* ProductDetailProtocols.swift in Sources */ = {isa = PBXBuildFile; fileRef = 01EB3A1326B8006700195DA5 /* ProductDetailProtocols.swift */; };
		01EB3A1A26B8006700195DA5 /* ProductDetailInteractor.swift in Sources */ = {isa = PBXBuildFile; fileRef = 01EB3A1426B8006700195DA5 /* ProductDetailInteractor.swift */; };
		01FB718726BA6CF8007C76EF /* AppRouter.swift in Sources */ = {isa = PBXBuildFile; fileRef = 01FB718626BA6CF8007C76EF /* AppRouter.swift */; };
		5B259CCA1D6630E0001D755F /* AppDelegate.swift in Sources */ = {isa = PBXBuildFile; fileRef = 5B259CC91D6630E0001D755F /* AppDelegate.swift */; };
		5B259CD11D6630E0001D755F /* Assets.xcassets in Resources */ = {isa = PBXBuildFile; fileRef = 5B259CD01D6630E0001D755F /* Assets.xcassets */; };
		5B259CD41D6630E0001D755F /* LaunchScreen.storyboard in Resources */ = {isa = PBXBuildFile; fileRef = 5B259CD21D6630E0001D755F /* LaunchScreen.storyboard */; };
		5B2675A21D674B400015A238 /* ListEvents.swift in Sources */ = {isa = PBXBuildFile; fileRef = 5B2675A11D674B400015A238 /* ListEvents.swift */; };
		5B302A8F1D663A8500FA2FFD /* ProductListComponent.swift in Sources */ = {isa = PBXBuildFile; fileRef = 5B302A8E1D663A8500FA2FFD /* ProductListComponent.swift */; };
		5BEF08121D6632EC006BF0C0 /* ListCoordinator.swift in Sources */ = {isa = PBXBuildFile; fileRef = 5BEF08111D6632EC006BF0C0 /* ListCoordinator.swift */; };
		5BEF08141D663304006BF0C0 /* ListViewController.swift in Sources */ = {isa = PBXBuildFile; fileRef = 5BEF08131D663304006BF0C0 /* ListViewController.swift */; };
		5BEF08161D66333C006BF0C0 /* ListViewState.swift in Sources */ = {isa = PBXBuildFile; fileRef = 5BEF08151D66333C006BF0C0 /* ListViewState.swift */; };
		5BEF081F1D663598006BF0C0 /* ProductListView.swift in Sources */ = {isa = PBXBuildFile; fileRef = 5BEF081E1D663598006BF0C0 /* ProductListView.swift */; };
		5BEF08211D6635B2006BF0C0 /* ProductListView.xib in Resources */ = {isa = PBXBuildFile; fileRef = 5BEF08201D6635B2006BF0C0 /* ProductListView.xib */; };
		B5BB36D35A57248A04DC8251 /* Pods_ProductViewer.framework in Frameworks */ = {isa = PBXBuildFile; fileRef = DA9E853BFCD9E125DD3CE2C8 /* Pods_ProductViewer.framework */; };
		C5C0528B23886699002A586D /* Tempo.framework in Frameworks */ = {isa = PBXBuildFile; fileRef = C5C0528723886616002A586D /* Tempo.framework */; };
/* End PBXBuildFile section */

/* Begin PBXContainerItemProxy section */
		01FB717326BA60FC007C76EF /* PBXContainerItemProxy */ = {
			isa = PBXContainerItemProxy;
			containerPortal = 01FB716D26BA60FC007C76EF /* Pods.xcodeproj */;
			proxyType = 2;
			remoteGlobalIDString = C3F44C782D64D7EB20B61CE3844EBFAD;
			remoteInfo = Kingfisher;
		};
		01FB717526BA60FC007C76EF /* PBXContainerItemProxy */ = {
			isa = PBXContainerItemProxy;
			containerPortal = 01FB716D26BA60FC007C76EF /* Pods.xcodeproj */;
			proxyType = 2;
			remoteGlobalIDString = 2B4D89D89153B4E7499F8DDD6CC266F6;
			remoteInfo = "Pods-ProductViewer";
		};
		01FB717726BA60FC007C76EF /* PBXContainerItemProxy */ = {
			isa = PBXContainerItemProxy;
			containerPortal = 01FB716D26BA60FC007C76EF /* Pods.xcodeproj */;
			proxyType = 2;
			remoteGlobalIDString = 809C5FAB588354C9BA37DC3EAB8CB45C;
			remoteInfo = RxSwift;
		};
		01FB717F26BA6101007C76EF /* PBXContainerItemProxy */ = {
			isa = PBXContainerItemProxy;
			containerPortal = 01FB717926BA6101007C76EF /* Pods.xcodeproj */;
			proxyType = 2;
			remoteGlobalIDString = C3F44C782D64D7EB20B61CE3844EBFAD;
			remoteInfo = Kingfisher;
		};
		01FB718126BA6101007C76EF /* PBXContainerItemProxy */ = {
			isa = PBXContainerItemProxy;
			containerPortal = 01FB717926BA6101007C76EF /* Pods.xcodeproj */;
			proxyType = 2;
			remoteGlobalIDString = 2B4D89D89153B4E7499F8DDD6CC266F6;
			remoteInfo = "Pods-ProductViewer";
		};
		01FB718326BA6101007C76EF /* PBXContainerItemProxy */ = {
			isa = PBXContainerItemProxy;
			containerPortal = 01FB717926BA6101007C76EF /* Pods.xcodeproj */;
			proxyType = 2;
			remoteGlobalIDString = 809C5FAB588354C9BA37DC3EAB8CB45C;
			remoteInfo = RxSwift;
		};
/* End PBXContainerItemProxy section */

/* Begin PBXFileReference section */
		01EB3A0326B7C78300195DA5 /* Product.swift */ = {isa = PBXFileReference; lastKnownFileType = sourcecode.swift; path = Product.swift; sourceTree = "<group>"; };
		01EB3A0626B7CB6500195DA5 /* NetworkService.swift */ = {isa = PBXFileReference; lastKnownFileType = sourcecode.swift; path = NetworkService.swift; sourceTree = "<group>"; };
		01EB3A0826B7D33000195DA5 /* ProductListAPIService.swift */ = {isa = PBXFileReference; lastKnownFileType = sourcecode.swift; path = ProductListAPIService.swift; sourceTree = "<group>"; };
		01EB3A0B26B7D34E00195DA5 /* AppConstants.swift */ = {isa = PBXFileReference; lastKnownFileType = sourcecode.swift; path = AppConstants.swift; sourceTree = "<group>"; };
		01EB3A0F26B8006600195DA5 /* ProductDetailModuleBuilder.swift */ = {isa = PBXFileReference; lastKnownFileType = sourcecode.swift; path = ProductDetailModuleBuilder.swift; sourceTree = "<group>"; };
		01EB3A1026B8006700195DA5 /* ProductDetailPresenter.swift */ = {isa = PBXFileReference; lastKnownFileType = sourcecode.swift; path = ProductDetailPresenter.swift; sourceTree = "<group>"; };
		01EB3A1126B8006700195DA5 /* ProductDetailRouter.swift */ = {isa = PBXFileReference; lastKnownFileType = sourcecode.swift; path = ProductDetailRouter.swift; sourceTree = "<group>"; };
		01EB3A1226B8006700195DA5 /* ProductDetailViewController.swift */ = {isa = PBXFileReference; lastKnownFileType = sourcecode.swift; path = ProductDetailViewController.swift; sourceTree = "<group>"; };
		01EB3A1326B8006700195DA5 /* ProductDetailProtocols.swift */ = {isa = PBXFileReference; lastKnownFileType = sourcecode.swift; path = ProductDetailProtocols.swift; sourceTree = "<group>"; };
		01EB3A1426B8006700195DA5 /* ProductDetailInteractor.swift */ = {isa = PBXFileReference; lastKnownFileType = sourcecode.swift; path = ProductDetailInteractor.swift; sourceTree = "<group>"; };
		01FB716D26BA60FC007C76EF /* Pods.xcodeproj */ = {isa = PBXFileReference; lastKnownFileType = "wrapper.pb-project"; path = Pods.xcodeproj; sourceTree = "<group>"; };
		01FB717926BA6101007C76EF /* Pods.xcodeproj */ = {isa = PBXFileReference; lastKnownFileType = "wrapper.pb-project"; path = Pods.xcodeproj; sourceTree = "<group>"; };
		01FB718626BA6CF8007C76EF /* AppRouter.swift */ = {isa = PBXFileReference; lastKnownFileType = sourcecode.swift; path = AppRouter.swift; sourceTree = "<group>"; };
		5B259CC61D6630E0001D755F /* ProductViewer.app */ = {isa = PBXFileReference; explicitFileType = wrapper.application; includeInIndex = 0; path = ProductViewer.app; sourceTree = BUILT_PRODUCTS_DIR; };
		5B259CC91D6630E0001D755F /* AppDelegate.swift */ = {isa = PBXFileReference; lastKnownFileType = sourcecode.swift; path = AppDelegate.swift; sourceTree = "<group>"; };
		5B259CD01D6630E0001D755F /* Assets.xcassets */ = {isa = PBXFileReference; lastKnownFileType = folder.assetcatalog; path = Assets.xcassets; sourceTree = "<group>"; };
		5B259CD31D6630E0001D755F /* Base */ = {isa = PBXFileReference; lastKnownFileType = file.storyboard; name = Base; path = Base.lproj/LaunchScreen.storyboard; sourceTree = "<group>"; };
		5B259CD51D6630E0001D755F /* Info.plist */ = {isa = PBXFileReference; lastKnownFileType = text.plist.xml; path = Info.plist; sourceTree = "<group>"; };
		5B2675A11D674B400015A238 /* ListEvents.swift */ = {isa = PBXFileReference; fileEncoding = 4; lastKnownFileType = sourcecode.swift; path = ListEvents.swift; sourceTree = "<group>"; };
		5B302A8E1D663A8500FA2FFD /* ProductListComponent.swift */ = {isa = PBXFileReference; fileEncoding = 4; lastKnownFileType = sourcecode.swift; path = ProductListComponent.swift; sourceTree = "<group>"; };
		5BEF08111D6632EC006BF0C0 /* ListCoordinator.swift */ = {isa = PBXFileReference; fileEncoding = 4; lastKnownFileType = sourcecode.swift; path = ListCoordinator.swift; sourceTree = "<group>"; };
		5BEF08131D663304006BF0C0 /* ListViewController.swift */ = {isa = PBXFileReference; fileEncoding = 4; lastKnownFileType = sourcecode.swift; path = ListViewController.swift; sourceTree = "<group>"; };
		5BEF08151D66333C006BF0C0 /* ListViewState.swift */ = {isa = PBXFileReference; fileEncoding = 4; lastKnownFileType = sourcecode.swift; path = ListViewState.swift; sourceTree = "<group>"; };
		5BEF081E1D663598006BF0C0 /* ProductListView.swift */ = {isa = PBXFileReference; fileEncoding = 4; lastKnownFileType = sourcecode.swift; path = ProductListView.swift; sourceTree = "<group>"; };
		5BEF08201D6635B2006BF0C0 /* ProductListView.xib */ = {isa = PBXFileReference; fileEncoding = 4; lastKnownFileType = file.xib; path = ProductListView.xib; sourceTree = "<group>"; };
		BF44CACA8B26CD3A0E001D2C /* Pods-ProductViewer.release.xcconfig */ = {isa = PBXFileReference; includeInIndex = 1; lastKnownFileType = text.xcconfig; name = "Pods-ProductViewer.release.xcconfig"; path = "Target Support Files/Pods-ProductViewer/Pods-ProductViewer.release.xcconfig"; sourceTree = "<group>"; };
		C5C0528723886616002A586D /* Tempo.framework */ = {isa = PBXFileReference; explicitFileType = wrapper.framework; path = Tempo.framework; sourceTree = BUILT_PRODUCTS_DIR; };
		CA35BBE1BF4C1BB21C4BCF11 /* Pods-ProductViewer.debug.xcconfig */ = {isa = PBXFileReference; includeInIndex = 1; lastKnownFileType = text.xcconfig; name = "Pods-ProductViewer.debug.xcconfig"; path = "Target Support Files/Pods-ProductViewer/Pods-ProductViewer.debug.xcconfig"; sourceTree = "<group>"; };
		DA9E853BFCD9E125DD3CE2C8 /* Pods_ProductViewer.framework */ = {isa = PBXFileReference; explicitFileType = wrapper.framework; includeInIndex = 0; path = Pods_ProductViewer.framework; sourceTree = BUILT_PRODUCTS_DIR; };
/* End PBXFileReference section */

/* Begin PBXFrameworksBuildPhase section */
		5B259CC31D6630E0001D755F /* Frameworks */ = {
			isa = PBXFrameworksBuildPhase;
			buildActionMask = 2147483647;
			files = (
				C5C0528B23886699002A586D /* Tempo.framework in Frameworks */,
				B5BB36D35A57248A04DC8251 /* Pods_ProductViewer.framework in Frameworks */,
			);
			runOnlyForDeploymentPostprocessing = 0;
		};
/* End PBXFrameworksBuildPhase section */

/* Begin PBXGroup section */
		01EB3A0226B7C74300195DA5 /* Model */ = {
			isa = PBXGroup;
			children = (
				01EB3A0326B7C78300195DA5 /* Product.swift */,
			);
			path = Model;
			sourceTree = "<group>";
		};
		01EB3A0526B7CB5700195DA5 /* Service */ = {
			isa = PBXGroup;
			children = (
				01EB3A0626B7CB6500195DA5 /* NetworkService.swift */,
				01EB3A0826B7D33000195DA5 /* ProductListAPIService.swift */,
			);
			path = Service;
			sourceTree = "<group>";
		};
		01EB3A0A26B7D33B00195DA5 /* Util */ = {
			isa = PBXGroup;
			children = (
				01EB3A0B26B7D34E00195DA5 /* AppConstants.swift */,
			);
			path = Util;
			sourceTree = "<group>";
		};
		01FB716E26BA60FC007C76EF /* Products */ = {
			isa = PBXGroup;
			children = (
				01FB717426BA60FC007C76EF /* Kingfisher.framework */,
				01FB717626BA60FC007C76EF /* Pods_ProductViewer.framework */,
				01FB717826BA60FC007C76EF /* RxSwift.framework */,
			);
			name = Products;
			sourceTree = "<group>";
		};
		01FB717A26BA6101007C76EF /* Products */ = {
			isa = PBXGroup;
			children = (
				01FB718026BA6101007C76EF /* Kingfisher.framework */,
				01FB718226BA6101007C76EF /* Pods_ProductViewer.framework */,
				01FB718426BA6101007C76EF /* RxSwift.framework */,
			);
			name = Products;
			sourceTree = "<group>";
		};
		01FB718526BA6CE8007C76EF /* App */ = {
			isa = PBXGroup;
			children = (
				5B259CC91D6630E0001D755F /* AppDelegate.swift */,
				01FB718626BA6CF8007C76EF /* AppRouter.swift */,
			);
			path = App;
			sourceTree = "<group>";
		};
		01FB718826BA6D02007C76EF /* Assets */ = {
			isa = PBXGroup;
			children = (
				5B259CD01D6630E0001D755F /* Assets.xcassets */,
			);
			path = Assets;
			sourceTree = "<group>";
		};
		01FB718926BA6D0C007C76EF /* SupportingFiles */ = {
			isa = PBXGroup;
			children = (
				5B259CD51D6630E0001D755F /* Info.plist */,
				5B259CD21D6630E0001D755F /* LaunchScreen.storyboard */,
			);
			path = SupportingFiles;
			sourceTree = "<group>";
		};
		1AAC34F0DCEFD26A67C5F683 /* Pods */ = {
			isa = PBXGroup;
			children = (
				01FB716D26BA60FC007C76EF /* Pods.xcodeproj */,
				01FB717926BA6101007C76EF /* Pods.xcodeproj */,
				CA35BBE1BF4C1BB21C4BCF11 /* Pods-ProductViewer.debug.xcconfig */,
				BF44CACA8B26CD3A0E001D2C /* Pods-ProductViewer.release.xcconfig */,
			);
			path = Pods;
			sourceTree = "<group>";
		};
		5B259CBD1D6630E0001D755F = {
			isa = PBXGroup;
			children = (
				5B259CC81D6630E0001D755F /* ProductViewer */,
				5B259CC71D6630E0001D755F /* Products */,
				5B518D921F1010E1005C013B /* Frameworks */,
				1AAC34F0DCEFD26A67C5F683 /* Pods */,
			);
			sourceTree = "<group>";
		};
		5B259CC71D6630E0001D755F /* Products */ = {
			isa = PBXGroup;
			children = (
				5B259CC61D6630E0001D755F /* ProductViewer.app */,
			);
			name = Products;
			sourceTree = "<group>";
		};
		5B259CC81D6630E0001D755F /* ProductViewer */ = {
			isa = PBXGroup;
			children = (
				01FB718926BA6D0C007C76EF /* SupportingFiles */,
				01FB718826BA6D02007C76EF /* Assets */,
				01FB718526BA6CE8007C76EF /* App */,
				01EB3A0A26B7D33B00195DA5 /* Util */,
				01EB3A0526B7CB5700195DA5 /* Service */,
				01EB3A0226B7C74300195DA5 /* Model */,
				5BEF08101D66328D006BF0C0 /* Detail */,
				5BEF080F1D663283006BF0C0 /* List */,
			);
			path = ProductViewer;
			sourceTree = "<group>";
		};
		5B518D921F1010E1005C013B /* Frameworks */ = {
			isa = PBXGroup;
			children = (
				C5C0528723886616002A586D /* Tempo.framework */,
				DA9E853BFCD9E125DD3CE2C8 /* Pods_ProductViewer.framework */,
			);
			name = Frameworks;
			sourceTree = "<group>";
		};
		5BEF080F1D663283006BF0C0 /* List */ = {
			isa = PBXGroup;
			children = (
				5BEF081D1D663573006BF0C0 /* Components */,
				5BEF08111D6632EC006BF0C0 /* ListCoordinator.swift */,
				5BEF08131D663304006BF0C0 /* ListViewController.swift */,
				5BEF08151D66333C006BF0C0 /* ListViewState.swift */,
				5B2675A11D674B400015A238 /* ListEvents.swift */,
			);
			path = List;
			sourceTree = "<group>";
		};
		5BEF08101D66328D006BF0C0 /* Detail */ = {
			isa = PBXGroup;
			children = (
				01EB3A0F26B8006600195DA5 /* ProductDetailModuleBuilder.swift */,
				01EB3A1026B8006700195DA5 /* ProductDetailPresenter.swift */,
				01EB3A1126B8006700195DA5 /* ProductDetailRouter.swift */,
				01EB3A1226B8006700195DA5 /* ProductDetailViewController.swift */,
				01EB3A1326B8006700195DA5 /* ProductDetailProtocols.swift */,
				01EB3A1426B8006700195DA5 /* ProductDetailInteractor.swift */,
			);
			path = Detail;
			sourceTree = "<group>";
		};
		5BEF081D1D663573006BF0C0 /* Components */ = {
			isa = PBXGroup;
			children = (
				5BEF081E1D663598006BF0C0 /* ProductListView.swift */,
				5BEF08201D6635B2006BF0C0 /* ProductListView.xib */,
				5B302A8E1D663A8500FA2FFD /* ProductListComponent.swift */,
			);
			path = Components;
			sourceTree = "<group>";
		};
/* End PBXGroup section */

/* Begin PBXNativeTarget section */
		5B259CC51D6630E0001D755F /* ProductViewer */ = {
			isa = PBXNativeTarget;
			buildConfigurationList = 5B259CD81D6630E0001D755F /* Build configuration list for PBXNativeTarget "ProductViewer" */;
			buildPhases = (
				92F5B9118BB4360BA87D6EF0 /* [CP] Check Pods Manifest.lock */,
				5B259CC21D6630E0001D755F /* Sources */,
				5B259CC31D6630E0001D755F /* Frameworks */,
				5B259CC41D6630E0001D755F /* Resources */,
				311A93E7D08F392C50816403 /* [CP] Embed Pods Frameworks */,
			);
			buildRules = (
			);
			dependencies = (
			);
			name = ProductViewer;
			productName = ProductViewer;
			productReference = 5B259CC61D6630E0001D755F /* ProductViewer.app */;
			productType = "com.apple.product-type.application";
		};
/* End PBXNativeTarget section */

/* Begin PBXProject section */
		5B259CBE1D6630E0001D755F /* Project object */ = {
			isa = PBXProject;
			attributes = {
				LastSwiftUpdateCheck = 0730;
				LastUpgradeCheck = 1100;
				ORGANIZATIONNAME = Target;
				TargetAttributes = {
					5B259CC51D6630E0001D755F = {
						CreatedOnToolsVersion = 7.3.1;
						LastSwiftMigration = 0830;
					};
				};
			};
			buildConfigurationList = 5B259CC11D6630E0001D755F /* Build configuration list for PBXProject "ProductViewer" */;
			compatibilityVersion = "Xcode 3.2";
			developmentRegion = en;
			hasScannedForEncodings = 0;
			knownRegions = (
				en,
				Base,
			);
			mainGroup = 5B259CBD1D6630E0001D755F;
			productRefGroup = 5B259CC71D6630E0001D755F /* Products */;
			projectDirPath = "";
			projectReferences = (
				{
					ProductGroup = 01FB717A26BA6101007C76EF /* Products */;
					ProjectRef = 01FB717926BA6101007C76EF /* Pods.xcodeproj */;
				},
				{
					ProductGroup = 01FB716E26BA60FC007C76EF /* Products */;
					ProjectRef = 01FB716D26BA60FC007C76EF /* Pods.xcodeproj */;
				},
			);
			projectRoot = "";
			targets = (
				5B259CC51D6630E0001D755F /* ProductViewer */,
			);
		};
/* End PBXProject section */

/* Begin PBXReferenceProxy section */
		01FB717426BA60FC007C76EF /* Kingfisher.framework */ = {
			isa = PBXReferenceProxy;
			fileType = wrapper.framework;
			path = Kingfisher.framework;
			remoteRef = 01FB717326BA60FC007C76EF /* PBXContainerItemProxy */;
			sourceTree = BUILT_PRODUCTS_DIR;
		};
		01FB717626BA60FC007C76EF /* Pods_ProductViewer.framework */ = {
			isa = PBXReferenceProxy;
			fileType = wrapper.framework;
			path = Pods_ProductViewer.framework;
			remoteRef = 01FB717526BA60FC007C76EF /* PBXContainerItemProxy */;
			sourceTree = BUILT_PRODUCTS_DIR;
		};
		01FB717826BA60FC007C76EF /* RxSwift.framework */ = {
			isa = PBXReferenceProxy;
			fileType = wrapper.framework;
			path = RxSwift.framework;
			remoteRef = 01FB717726BA60FC007C76EF /* PBXContainerItemProxy */;
			sourceTree = BUILT_PRODUCTS_DIR;
		};
		01FB718026BA6101007C76EF /* Kingfisher.framework */ = {
			isa = PBXReferenceProxy;
			fileType = wrapper.framework;
			path = Kingfisher.framework;
			remoteRef = 01FB717F26BA6101007C76EF /* PBXContainerItemProxy */;
			sourceTree = BUILT_PRODUCTS_DIR;
		};
		01FB718226BA6101007C76EF /* Pods_ProductViewer.framework */ = {
			isa = PBXReferenceProxy;
			fileType = wrapper.framework;
			path = Pods_ProductViewer.framework;
			remoteRef = 01FB718126BA6101007C76EF /* PBXContainerItemProxy */;
			sourceTree = BUILT_PRODUCTS_DIR;
		};
		01FB718426BA6101007C76EF /* RxSwift.framework */ = {
			isa = PBXReferenceProxy;
			fileType = wrapper.framework;
			path = RxSwift.framework;
			remoteRef = 01FB718326BA6101007C76EF /* PBXContainerItemProxy */;
			sourceTree = BUILT_PRODUCTS_DIR;
		};
/* End PBXReferenceProxy section */

/* Begin PBXResourcesBuildPhase section */
		5B259CC41D6630E0001D755F /* Resources */ = {
			isa = PBXResourcesBuildPhase;
			buildActionMask = 2147483647;
			files = (
				5B259CD41D6630E0001D755F /* LaunchScreen.storyboard in Resources */,
				5B259CD11D6630E0001D755F /* Assets.xcassets in Resources */,
				5BEF08211D6635B2006BF0C0 /* ProductListView.xib in Resources */,
			);
			runOnlyForDeploymentPostprocessing = 0;
		};
/* End PBXResourcesBuildPhase section */

/* Begin PBXShellScriptBuildPhase section */
		311A93E7D08F392C50816403 /* [CP] Embed Pods Frameworks */ = {
			isa = PBXShellScriptBuildPhase;
			buildActionMask = 2147483647;
			files = (
			);
			inputPaths = (
				"${PODS_ROOT}/Target Support Files/Pods-ProductViewer/Pods-ProductViewer-frameworks.sh",
				"${BUILT_PRODUCTS_DIR}/Kingfisher/Kingfisher.framework",
				"${BUILT_PRODUCTS_DIR}/RxSwift/RxSwift.framework",
			);
			name = "[CP] Embed Pods Frameworks";
			outputPaths = (
				"${TARGET_BUILD_DIR}/${FRAMEWORKS_FOLDER_PATH}/Kingfisher.framework",
				"${TARGET_BUILD_DIR}/${FRAMEWORKS_FOLDER_PATH}/RxSwift.framework",
			);
			runOnlyForDeploymentPostprocessing = 0;
			shellPath = /bin/sh;
			shellScript = "\"${PODS_ROOT}/Target Support Files/Pods-ProductViewer/Pods-ProductViewer-frameworks.sh\"\n";
			showEnvVarsInLog = 0;
		};
		92F5B9118BB4360BA87D6EF0 /* [CP] Check Pods Manifest.lock */ = {
			isa = PBXShellScriptBuildPhase;
			buildActionMask = 2147483647;
			files = (
			);
			inputFileListPaths = (
			);
			inputPaths = (
				"${PODS_PODFILE_DIR_PATH}/Podfile.lock",
				"${PODS_ROOT}/Manifest.lock",
			);
			name = "[CP] Check Pods Manifest.lock";
			outputFileListPaths = (
			);
			outputPaths = (
				"$(DERIVED_FILE_DIR)/Pods-ProductViewer-checkManifestLockResult.txt",
			);
			runOnlyForDeploymentPostprocessing = 0;
			shellPath = /bin/sh;
			shellScript = "diff \"${PODS_PODFILE_DIR_PATH}/Podfile.lock\" \"${PODS_ROOT}/Manifest.lock\" > /dev/null\nif [ $? != 0 ] ; then\n    # print error to STDERR\n    echo \"error: The sandbox is not in sync with the Podfile.lock. Run 'pod install' or update your CocoaPods installation.\" >&2\n    exit 1\nfi\n# This output is used by Xcode 'outputs' to avoid re-running this script phase.\necho \"SUCCESS\" > \"${SCRIPT_OUTPUT_FILE_0}\"\n";
			showEnvVarsInLog = 0;
		};
/* End PBXShellScriptBuildPhase section */

/* Begin PBXSourcesBuildPhase section */
		5B259CC21D6630E0001D755F /* Sources */ = {
			isa = PBXSourcesBuildPhase;
			buildActionMask = 2147483647;
			files = (
				5BEF08161D66333C006BF0C0 /* ListViewState.swift in Sources */,
				01EB3A1526B8006700195DA5 /* ProductDetailModuleBuilder.swift in Sources */,
				01EB3A1726B8006700195DA5 /* ProductDetailRouter.swift in Sources */,
				01EB3A0426B7C78400195DA5 /* Product.swift in Sources */,
				5B259CCA1D6630E0001D755F /* AppDelegate.swift in Sources */,
				01EB3A0C26B7D34E00195DA5 /* AppConstants.swift in Sources */,
				01EB3A1626B8006700195DA5 /* ProductDetailPresenter.swift in Sources */,
				5BEF081F1D663598006BF0C0 /* ProductListView.swift in Sources */,
				01EB3A1A26B8006700195DA5 /* ProductDetailInteractor.swift in Sources */,
				01EB3A0726B7CB6500195DA5 /* NetworkService.swift in Sources */,
				01EB3A1926B8006700195DA5 /* ProductDetailProtocols.swift in Sources */,
				5B302A8F1D663A8500FA2FFD /* ProductListComponent.swift in Sources */,
				01EB3A0926B7D33000195DA5 /* ProductListAPIService.swift in Sources */,
				5BEF08141D663304006BF0C0 /* ListViewController.swift in Sources */,
				01FB718726BA6CF8007C76EF /* AppRouter.swift in Sources */,
				01EB3A1826B8006700195DA5 /* ProductDetailViewController.swift in Sources */,
				5BEF08121D6632EC006BF0C0 /* ListCoordinator.swift in Sources */,
				5B2675A21D674B400015A238 /* ListEvents.swift in Sources */,
			);
			runOnlyForDeploymentPostprocessing = 0;
		};
/* End PBXSourcesBuildPhase section */

/* Begin PBXVariantGroup section */
		5B259CD21D6630E0001D755F /* LaunchScreen.storyboard */ = {
			isa = PBXVariantGroup;
			children = (
				5B259CD31D6630E0001D755F /* Base */,
			);
			name = LaunchScreen.storyboard;
			sourceTree = "<group>";
		};
/* End PBXVariantGroup section */

/* Begin XCBuildConfiguration section */
		5B259CD61D6630E0001D755F /* Debug */ = {
			isa = XCBuildConfiguration;
			buildSettings = {
				ALWAYS_SEARCH_USER_PATHS = NO;
				CLANG_ANALYZER_NONNULL = YES;
				CLANG_CXX_LANGUAGE_STANDARD = "gnu++0x";
				CLANG_CXX_LIBRARY = "libc++";
				CLANG_ENABLE_MODULES = YES;
				CLANG_ENABLE_OBJC_ARC = YES;
				CLANG_WARN_BLOCK_CAPTURE_AUTORELEASING = YES;
				CLANG_WARN_BOOL_CONVERSION = YES;
				CLANG_WARN_COMMA = YES;
				CLANG_WARN_CONSTANT_CONVERSION = YES;
				CLANG_WARN_DEPRECATED_OBJC_IMPLEMENTATIONS = YES;
				CLANG_WARN_DIRECT_OBJC_ISA_USAGE = YES_ERROR;
				CLANG_WARN_EMPTY_BODY = YES;
				CLANG_WARN_ENUM_CONVERSION = YES;
				CLANG_WARN_INFINITE_RECURSION = YES;
				CLANG_WARN_INT_CONVERSION = YES;
				CLANG_WARN_NON_LITERAL_NULL_CONVERSION = YES;
				CLANG_WARN_OBJC_IMPLICIT_RETAIN_SELF = YES;
				CLANG_WARN_OBJC_LITERAL_CONVERSION = YES;
				CLANG_WARN_OBJC_ROOT_CLASS = YES_ERROR;
				CLANG_WARN_RANGE_LOOP_ANALYSIS = YES;
				CLANG_WARN_STRICT_PROTOTYPES = YES;
				CLANG_WARN_SUSPICIOUS_MOVE = YES;
				CLANG_WARN_UNREACHABLE_CODE = YES;
				CLANG_WARN__DUPLICATE_METHOD_MATCH = YES;
				"CODE_SIGN_IDENTITY[sdk=iphoneos*]" = "iPhone Developer";
				COPY_PHASE_STRIP = NO;
				DEBUG_INFORMATION_FORMAT = dwarf;
				ENABLE_STRICT_OBJC_MSGSEND = YES;
				ENABLE_TESTABILITY = YES;
				GCC_C_LANGUAGE_STANDARD = gnu99;
				GCC_DYNAMIC_NO_PIC = NO;
				GCC_NO_COMMON_BLOCKS = YES;
				GCC_OPTIMIZATION_LEVEL = 0;
				GCC_PREPROCESSOR_DEFINITIONS = (
					"DEBUG=1",
					"$(inherited)",
				);
				GCC_WARN_64_TO_32_BIT_CONVERSION = YES;
				GCC_WARN_ABOUT_RETURN_TYPE = YES_ERROR;
				GCC_WARN_UNDECLARED_SELECTOR = YES;
				GCC_WARN_UNINITIALIZED_AUTOS = YES_AGGRESSIVE;
				GCC_WARN_UNUSED_FUNCTION = YES;
				GCC_WARN_UNUSED_VARIABLE = YES;
				IPHONEOS_DEPLOYMENT_TARGET = 10.0;
				MTL_ENABLE_DEBUG_INFO = YES;
				ONLY_ACTIVE_ARCH = YES;
				SDKROOT = iphoneos;
				SWIFT_OPTIMIZATION_LEVEL = "-Onone";
				TARGETED_DEVICE_FAMILY = "1,2";
			};
			name = Debug;
		};
		5B259CD71D6630E0001D755F /* Release */ = {
			isa = XCBuildConfiguration;
			buildSettings = {
				ALWAYS_SEARCH_USER_PATHS = NO;
				CLANG_ANALYZER_NONNULL = YES;
				CLANG_CXX_LANGUAGE_STANDARD = "gnu++0x";
				CLANG_CXX_LIBRARY = "libc++";
				CLANG_ENABLE_MODULES = YES;
				CLANG_ENABLE_OBJC_ARC = YES;
				CLANG_WARN_BLOCK_CAPTURE_AUTORELEASING = YES;
				CLANG_WARN_BOOL_CONVERSION = YES;
				CLANG_WARN_COMMA = YES;
				CLANG_WARN_CONSTANT_CONVERSION = YES;
				CLANG_WARN_DEPRECATED_OBJC_IMPLEMENTATIONS = YES;
				CLANG_WARN_DIRECT_OBJC_ISA_USAGE = YES_ERROR;
				CLANG_WARN_EMPTY_BODY = YES;
				CLANG_WARN_ENUM_CONVERSION = YES;
				CLANG_WARN_INFINITE_RECURSION = YES;
				CLANG_WARN_INT_CONVERSION = YES;
				CLANG_WARN_NON_LITERAL_NULL_CONVERSION = YES;
				CLANG_WARN_OBJC_IMPLICIT_RETAIN_SELF = YES;
				CLANG_WARN_OBJC_LITERAL_CONVERSION = YES;
				CLANG_WARN_OBJC_ROOT_CLASS = YES_ERROR;
				CLANG_WARN_RANGE_LOOP_ANALYSIS = YES;
				CLANG_WARN_STRICT_PROTOTYPES = YES;
				CLANG_WARN_SUSPICIOUS_MOVE = YES;
				CLANG_WARN_UNREACHABLE_CODE = YES;
				CLANG_WARN__DUPLICATE_METHOD_MATCH = YES;
				"CODE_SIGN_IDENTITY[sdk=iphoneos*]" = "";
				COPY_PHASE_STRIP = NO;
				DEBUG_INFORMATION_FORMAT = "dwarf-with-dsym";
				ENABLE_NS_ASSERTIONS = NO;
				ENABLE_STRICT_OBJC_MSGSEND = YES;
				GCC_C_LANGUAGE_STANDARD = gnu99;
				GCC_NO_COMMON_BLOCKS = YES;
				GCC_WARN_64_TO_32_BIT_CONVERSION = YES;
				GCC_WARN_ABOUT_RETURN_TYPE = YES_ERROR;
				GCC_WARN_UNDECLARED_SELECTOR = YES;
				GCC_WARN_UNINITIALIZED_AUTOS = YES_AGGRESSIVE;
				GCC_WARN_UNUSED_FUNCTION = YES;
				GCC_WARN_UNUSED_VARIABLE = YES;
				IPHONEOS_DEPLOYMENT_TARGET = 10.0;
				MTL_ENABLE_DEBUG_INFO = NO;
				SDKROOT = iphoneos;
				SWIFT_COMPILATION_MODE = wholemodule;
				TARGETED_DEVICE_FAMILY = "1,2";
				VALIDATE_PRODUCT = YES;
			};
			name = Release;
		};
		5B259CD91D6630E0001D755F /* Debug */ = {
			isa = XCBuildConfiguration;
			baseConfigurationReference = CA35BBE1BF4C1BB21C4BCF11 /* Pods-ProductViewer.debug.xcconfig */;
			buildSettings = {
				ASSETCATALOG_COMPILER_APPICON_NAME = AppIcon;
				INFOPLIST_FILE = ProductViewer/SupportingFiles/Info.plist;
				LD_RUNPATH_SEARCH_PATHS = "$(inherited) @executable_path/Frameworks";
				MARKETING_VERSION = 2.1;
				PRODUCT_BUNDLE_IDENTIFIER = com.target.ProductViewer;
				PRODUCT_NAME = "$(TARGET_NAME)";
				SWIFT_VERSION = 5.0;
				TARGETED_DEVICE_FAMILY = 1;
			};
			name = Debug;
		};
		5B259CDA1D6630E0001D755F /* Release */ = {
			isa = XCBuildConfiguration;
			baseConfigurationReference = BF44CACA8B26CD3A0E001D2C /* Pods-ProductViewer.release.xcconfig */;
			buildSettings = {
				ASSETCATALOG_COMPILER_APPICON_NAME = AppIcon;
				INFOPLIST_FILE = ProductViewer/SupportingFiles/Info.plist;
				LD_RUNPATH_SEARCH_PATHS = "$(inherited) @executable_path/Frameworks";
				MARKETING_VERSION = 2.1;
				PRODUCT_BUNDLE_IDENTIFIER = com.target.ProductViewer;
				PRODUCT_NAME = "$(TARGET_NAME)";
				SWIFT_VERSION = 5.0;
				TARGETED_DEVICE_FAMILY = 1;
			};
			name = Release;
		};
/* End XCBuildConfiguration section */

/* Begin XCConfigurationList section */
		5B259CC11D6630E0001D755F /* Build configuration list for PBXProject "ProductViewer" */ = {
			isa = XCConfigurationList;
			buildConfigurations = (
				5B259CD61D6630E0001D755F /* Debug */,
				5B259CD71D6630E0001D755F /* Release */,
			);
			defaultConfigurationIsVisible = 0;
			defaultConfigurationName = Release;
		};
		5B259CD81D6630E0001D755F /* Build configuration list for PBXNativeTarget "ProductViewer" */ = {
			isa = XCConfigurationList;
			buildConfigurations = (
				5B259CD91D6630E0001D755F /* Debug */,
				5B259CDA1D6630E0001D755F /* Release */,
			);
			defaultConfigurationIsVisible = 0;
			defaultConfigurationName = Release;
		};
/* End XCConfigurationList section */
	};
	rootObject = 5B259CBE1D6630E0001D755F /* Project object */;
}
